{
  "originHash" : "f193a83297327b83d3106f177dad658c5ceb1ba69f5f43bdf0130270419226f2",
  "pins" : [
    {
      "identity" : "audiokit",
      "kind" : "remoteSourceControl",
      "location" : "https://github.com/AudioKit/AudioKit",
      "state" : {
        "revision" : "2ebd422855e4645d3169f83d1765d1c8196b4f46",
        "version" : "5.6.4"
      }
    },
    {
      "identity" : "starscream",
      "kind" : "remoteSourceControl",
      "location" : "https://github.com/daltoniam/Starscream",
      "state" : {
        "revision" : "df8d82047f6654d8e4b655d1b1525c64e1059d21",
        "version" : "4.0.4"
      }
    },
    {
      "identity" : "swift-argument-parser",
      "kind" : "remoteSourceControl",
      "location" : "https://github.com/apple/swift-argument-parser.git",
      "state" : {
        "revision" : "c8ed701b513cf5177118a175d85fbbbcd707ab41",
        "version" : "1.3.0"
      }
    },
    {
      "identity" : "swift-transformers",
      "kind" : "remoteSourceControl",
      "location" : "https://github.com/huggingface/swift-transformers.git",
      "state" : {
        "revision" : "74b94211bdc741694ed7e700a1104c72e5ba68fe",
        "version" : "0.1.7"
      }
    },
    {
      "identity" : "swiftwhisper",
      "kind" : "remoteSourceControl",
      "location" : "https://github.com/exPHAT/SwiftWhisper.git",
      "state" : {
        "revision" : "a192004db08de7c6eaa169eede77f1625e7d23fb",
        "version" : "1.2.0"
      }
    },
    {
      "identity" : "whisperkit",
      "kind" : "remoteSourceControl",
      "location" : "https://github.com/argmaxinc/whisperkit.git",
      "state" : {
        "branch" : "main",
        "revision" : "c268c8d9ca1e7e8b4b41f7fa6d29580091d2517f"
      }
    }
  ],
  "version" : 3
}
